// !$*UTF8*$!
{
	archiveVersion = 1;
	classes = {
	};
	objectVersion = 50;
	objects = {

/* Begin PBXBuildFile section */
		CA30EDE92149B2CC00FB6E33 /* AppDelegate.swift in Sources */ = {isa = PBXBuildFile; fileRef = CA30EDE82149B2CC00FB6E33 /* AppDelegate.swift */; };
		CA30EDEB2149B2CC00FB6E33 /* ViewController.swift in Sources */ = {isa = PBXBuildFile; fileRef = CA30EDEA2149B2CC00FB6E33 /* ViewController.swift */; };
		CA30EDEE2149B2CC00FB6E33 /* Main.storyboard in Resources */ = {isa = PBXBuildFile; fileRef = CA30EDEC2149B2CC00FB6E33 /* Main.storyboard */; };
		CA30EDF02149B2D200FB6E33 /* Assets.xcassets in Resources */ = {isa = PBXBuildFile; fileRef = CA30EDEF2149B2D200FB6E33 /* Assets.xcassets */; };
		CA30EDF32149B2D200FB6E33 /* LaunchScreen.storyboard in Resources */ = {isa = PBXBuildFile; fileRef = CA30EDF12149B2D200FB6E33 /* LaunchScreen.storyboard */; };
		CA30EDFE2149B2D300FB6E33 /* HelloWorldTests.swift in Sources */ = {isa = PBXBuildFile; fileRef = CA30EDFD2149B2D300FB6E33 /* HelloWorldTests.swift */; };
		CA30EE092149B2D300FB6E33 /* HelloWorldUITests.swift in Sources */ = {isa = PBXBuildFile; fileRef = CA30EE082149B2D300FB6E33 /* HelloWorldUITests.swift */; };
/* End PBXBuildFile section */

/* Begin PBXContainerItemProxy section */
		CA30EDFA2149B2D300FB6E33 /* PBXContainerItemProxy */ = {
			isa = PBXContainerItemProxy;
			containerPortal = CA30EDDD2149B2CC00FB6E33 /* Project object */;
			proxyType = 1;
			remoteGlobalIDString = CA30EDE42149B2CC00FB6E33;
			remoteInfo = HelloWorld;
		};
		CA30EE052149B2D300FB6E33 /* PBXContainerItemProxy */ = {
			isa = PBXContainerItemProxy;
			containerPortal = CA30EDDD2149B2CC00FB6E33 /* Project object */;
			proxyType = 1;
			remoteGlobalIDString = CA30EDE42149B2CC00FB6E33;
			remoteInfo = HelloWorld;
		};
/* End PBXContainerItemProxy section */

/* Begin PBXFileReference section */
		CA30EDE52149B2CC00FB6E33 /* HelloWorld.app */ = {isa = PBXFileReference; explicitFileType = wrapper.application; includeInIndex = 0; path = HelloWorld.app; sourceTree = BUILT_PRODUCTS_DIR; };
		CA30EDE82149B2CC00FB6E33 /* AppDelegate.swift */ = {isa = PBXFileReference; lastKnownFileType = sourcecode.swift; path = AppDelegate.swift; sourceTree = "<group>"; };
		CA30EDEA2149B2CC00FB6E33 /* ViewController.swift */ = {isa = PBXFileReference; lastKnownFileType = sourcecode.swift; path = ViewController.swift; sourceTree = "<group>"; };
		CA30EDED2149B2CC00FB6E33 /* Base */ = {isa = PBXFileReference; lastKnownFileType = file.storyboard; name = Base; path = Base.lproj/Main.storyboard; sourceTree = "<group>"; };
		CA30EDEF2149B2D200FB6E33 /* Assets.xcassets */ = {isa = PBXFileReference; lastKnownFileType = folder.assetcatalog; path = Assets.xcassets; sourceTree = "<group>"; };
		CA30EDF22149B2D200FB6E33 /* Base */ = {isa = PBXFileReference; lastKnownFileType = file.storyboard; name = Base; path = Base.lproj/LaunchScreen.storyboard; sourceTree = "<group>"; };
		CA30EDF42149B2D300FB6E33 /* Info.plist */ = {isa = PBXFileReference; lastKnownFileType = text.plist.xml; path = Info.plist; sourceTree = "<group>"; };
		CA30EDF92149B2D300FB6E33 /* HelloWorldTests.xctest */ = {isa = PBXFileReference; explicitFileType = wrapper.cfbundle; includeInIndex = 0; path = HelloWorldTests.xctest; sourceTree = BUILT_PRODUCTS_DIR; };
		CA30EDFD2149B2D300FB6E33 /* HelloWorldTests.swift */ = {isa = PBXFileReference; lastKnownFileType = sourcecode.swift; path = HelloWorldTests.swift; sourceTree = "<group>"; };
		CA30EDFF2149B2D300FB6E33 /* Info.plist */ = {isa = PBXFileReference; lastKnownFileType = text.plist.xml; path = Info.plist; sourceTree = "<group>"; };
		CA30EE042149B2D300FB6E33 /* HelloWorldUITests.xctest */ = {isa = PBXFileReference; explicitFileType = wrapper.cfbundle; includeInIndex = 0; path = HelloWorldUITests.xctest; sourceTree = BUILT_PRODUCTS_DIR; };
		CA30EE082149B2D300FB6E33 /* HelloWorldUITests.swift */ = {isa = PBXFileReference; lastKnownFileType = sourcecode.swift; path = HelloWorldUITests.swift; sourceTree = "<group>"; };
		CA30EE0A2149B2D300FB6E33 /* Info.plist */ = {isa = PBXFileReference; lastKnownFileType = text.plist.xml; path = Info.plist; sourceTree = "<group>"; };
/* End PBXFileReference section */

/* Begin PBXFrameworksBuildPhase section */
		CA30EDE22149B2CC00FB6E33 /* Frameworks */ = {
			isa = PBXFrameworksBuildPhase;
			buildActionMask = 2147483647;
			files = (
			);
			runOnlyForDeploymentPostprocessing = 0;
		};
		CA30EDF62149B2D300FB6E33 /* Frameworks */ = {
			isa = PBXFrameworksBuildPhase;
			buildActionMask = 2147483647;
			files = (
			);
			runOnlyForDeploymentPostprocessing = 0;
		};
		CA30EE012149B2D300FB6E33 /* Frameworks */ = {
			isa = PBXFrameworksBuildPhase;
			buildActionMask = 2147483647;
			files = (
			);
			runOnlyForDeploymentPostprocessing = 0;
		};
/* End PBXFrameworksBuildPhase section */

/* Begin PBXGroup section */
		CA30EDDC2149B2CB00FB6E33 = {
			isa = PBXGroup;
			children = (
				CA30EDE72149B2CC00FB6E33 /* HelloWorld */,
				CA30EDFC2149B2D300FB6E33 /* HelloWorldTests */,
				CA30EE072149B2D300FB6E33 /* HelloWorldUITests */,
				CA30EDE62149B2CC00FB6E33 /* Products */,
			);
			sourceTree = "<group>";
		};
		CA30EDE62149B2CC00FB6E33 /* Products */ = {
			isa = PBXGroup;
			children = (
				CA30EDE52149B2CC00FB6E33 /* HelloWorld.app */,
				CA30EDF92149B2D300FB6E33 /* HelloWorldTests.xctest */,
				CA30EE042149B2D300FB6E33 /* HelloWorldUITests.xctest */,
			);
			name = Products;
			sourceTree = "<group>";
		};
		CA30EDE72149B2CC00FB6E33 /* HelloWorld */ = {
			isa = PBXGroup;
			children = (
				CA30EDE82149B2CC00FB6E33 /* AppDelegate.swift */,
				CA30EDEA2149B2CC00FB6E33 /* ViewController.swift */,
				CA30EDEC2149B2CC00FB6E33 /* Main.storyboard */,
				CA30EDEF2149B2D200FB6E33 /* Assets.xcassets */,
				CA30EDF12149B2D200FB6E33 /* LaunchScreen.storyboard */,
				CA30EDF42149B2D300FB6E33 /* Info.plist */,
			);
			path = HelloWorld;
			sourceTree = "<group>";
		};
		CA30EDFC2149B2D300FB6E33 /* HelloWorldTests */ = {
			isa = PBXGroup;
			children = (
				CA30EDFD2149B2D300FB6E33 /* HelloWorldTests.swift */,
				CA30EDFF2149B2D300FB6E33 /* Info.plist */,
			);
			path = HelloWorldTests;
			sourceTree = "<group>";
		};
		CA30EE072149B2D300FB6E33 /* HelloWorldUITests */ = {
			isa = PBXGroup;
			children = (
				CA30EE082149B2D300FB6E33 /* HelloWorldUITests.swift */,
				CA30EE0A2149B2D300FB6E33 /* Info.plist */,
			);
			path = HelloWorldUITests;
			sourceTree = "<group>";
		};
/* End PBXGroup section */

/* Begin PBXNativeTarget section */
		CA30EDE42149B2CC00FB6E33 /* HelloWorld */ = {
			isa = PBXNativeTarget;
			buildConfigurationList = CA30EE0D2149B2D300FB6E33 /* Build configuration list for PBXNativeTarget "HelloWorld" */;
			buildPhases = (
				CA30EDE12149B2CC00FB6E33 /* Sources */,
				CA30EDE22149B2CC00FB6E33 /* Frameworks */,
				CA30EDE32149B2CC00FB6E33 /* Resources */,
			);
			buildRules = (
			);
			dependencies = (
			);
			name = HelloWorld;
			productName = HelloWorld;
			productReference = CA30EDE52149B2CC00FB6E33 /* HelloWorld.app */;
			productType = "com.apple.product-type.application";
		};
		CA30EDF82149B2D300FB6E33 /* HelloWorldTests */ = {
			isa = PBXNativeTarget;
			buildConfigurationList = CA30EE102149B2D300FB6E33 /* Build configuration list for PBXNativeTarget "HelloWorldTests" */;
			buildPhases = (
				CA30EDF52149B2D300FB6E33 /* Sources */,
				CA30EDF62149B2D300FB6E33 /* Frameworks */,
				CA30EDF72149B2D300FB6E33 /* Resources */,
			);
			buildRules = (
			);
			dependencies = (
				CA30EDFB2149B2D300FB6E33 /* PBXTargetDependency */,
			);
			name = HelloWorldTests;
			productName = HelloWorldTests;
			productReference = CA30EDF92149B2D300FB6E33 /* HelloWorldTests.xctest */;
			productType = "com.apple.product-type.bundle.unit-test";
		};
		CA30EE032149B2D300FB6E33 /* HelloWorldUITests */ = {
			isa = PBXNativeTarget;
			buildConfigurationList = CA30EE132149B2D300FB6E33 /* Build configuration list for PBXNativeTarget "HelloWorldUITests" */;
			buildPhases = (
				CA30EE002149B2D300FB6E33 /* Sources */,
				CA30EE012149B2D300FB6E33 /* Frameworks */,
				CA30EE022149B2D300FB6E33 /* Resources */,
			);
			buildRules = (
			);
			dependencies = (
				CA30EE062149B2D300FB6E33 /* PBXTargetDependency */,
			);
			name = HelloWorldUITests;
			productName = HelloWorldUITests;
			productReference = CA30EE042149B2D300FB6E33 /* HelloWorldUITests.xctest */;
			productType = "com.apple.product-type.bundle.ui-testing";
		};
/* End PBXNativeTarget section */

/* Begin PBXProject section */
		CA30EDDD2149B2CC00FB6E33 /* Project object */ = {
			isa = PBXProject;
			attributes = {
				LastSwiftUpdateCheck = 0940;
				LastUpgradeCheck = 0940;
				ORGANIZATIONNAME = "Samuel Woodbury";
				TargetAttributes = {
					CA30EDE42149B2CC00FB6E33 = {
						CreatedOnToolsVersion = 9.4.1;
					};
					CA30EDF82149B2D300FB6E33 = {
						CreatedOnToolsVersion = 9.4.1;
						TestTargetID = CA30EDE42149B2CC00FB6E33;
					};
					CA30EE032149B2D300FB6E33 = {
						CreatedOnToolsVersion = 9.4.1;
						TestTargetID = CA30EDE42149B2CC00FB6E33;
					};
				};
			};
			buildConfigurationList = CA30EDE02149B2CC00FB6E33 /* Build configuration list for PBXProject "HelloWorld" */;
			compatibilityVersion = "Xcode 9.3";
			developmentRegion = en;
			hasScannedForEncodings = 0;
			knownRegions = (
				en,
				Base,
			);
			mainGroup = CA30EDDC2149B2CB00FB6E33;
			productRefGroup = CA30EDE62149B2CC00FB6E33 /* Products */;
			projectDirPath = "";
			projectRoot = "";
			targets = (
				CA30EDE42149B2CC00FB6E33 /* HelloWorld */,
				CA30EDF82149B2D300FB6E33 /* HelloWorldTests */,
				CA30EE032149B2D300FB6E33 /* HelloWorldUITests */,
			);
		};
/* End PBXProject section */

/* Begin PBXResourcesBuildPhase section */
		CA30EDE32149B2CC00FB6E33 /* Resources */ = {
			isa = PBXResourcesBuildPhase;
			buildActionMask = 2147483647;
			files = (
				CA30EDF32149B2D200FB6E33 /* LaunchScreen.storyboard in Resources */,
				CA30EDF02149B2D200FB6E33 /* Assets.xcassets in Resources */,
				CA30EDEE2149B2CC00FB6E33 /* Main.storyboard in Resources */,
			);
			runOnlyForDeploymentPostprocessing = 0;
		};
		CA30EDF72149B2D300FB6E33 /* Resources */ = {
			isa = PBXResourcesBuildPhase;
			buildActionMask = 2147483647;
			files = (
			);
			runOnlyForDeploymentPostprocessing = 0;
		};
		CA30EE022149B2D300FB6E33 /* Resources */ = {
			isa = PBXResourcesBuildPhase;
			buildActionMask = 2147483647;
			files = (
			);
			runOnlyForDeploymentPostprocessing = 0;
		};
/* End PBXResourcesBuildPhase section */

/* Begin PBXSourcesBuildPhase section */
		CA30EDE12149B2CC00FB6E33 /* Sources */ = {
			isa = PBXSourcesBuildPhase;
			buildActionMask = 2147483647;
			files = (
				CA30EDEB2149B2CC00FB6E33 /* ViewController.swift in Sources */,
				CA30EDE92149B2CC00FB6E33 /* AppDelegate.swift in Sources */,
			);
			runOnlyForDeploymentPostprocessing = 0;
		};
		CA30EDF52149B2D300FB6E33 /* Sources */ = {
			isa = PBXSourcesBuildPhase;
			buildActionMask = 2147483647;
			files = (
				CA30EDFE2149B2D300FB6E33 /* HelloWorldTests.swift in Sources */,
			);
			runOnlyForDeploymentPostprocessing = 0;
		};
		CA30EE002149B2D300FB6E33 /* Sources */ = {
			isa = PBXSourcesBuildPhase;
			buildActionMask = 2147483647;
			files = (
				CA30EE092149B2D300FB6E33 /* HelloWorldUITests.swift in Sources */,
			);
			runOnlyForDeploymentPostprocessing = 0;
		};
/* End PBXSourcesBuildPhase section */

/* Begin PBXTargetDependency section */
		CA30EDFB2149B2D300FB6E33 /* PBXTargetDependency */ = {
			isa = PBXTargetDependency;
			target = CA30EDE42149B2CC00FB6E33 /* HelloWorld */;
			targetProxy = CA30EDFA2149B2D300FB6E33 /* PBXContainerItemProxy */;
		};
		CA30EE062149B2D300FB6E33 /* PBXTargetDependency */ = {
			isa = PBXTargetDependency;
			target = CA30EDE42149B2CC00FB6E33 /* HelloWorld */;
			targetProxy = CA30EE052149B2D300FB6E33 /* PBXContainerItemProxy */;
		};
/* End PBXTargetDependency section */

/* Begin PBXVariantGroup section */
		CA30EDEC2149B2CC00FB6E33 /* Main.storyboard */ = {
			isa = PBXVariantGroup;
			children = (
				CA30EDED2149B2CC00FB6E33 /* Base */,
			);
			name = Main.storyboard;
			sourceTree = "<group>";
		};
		CA30EDF12149B2D200FB6E33 /* LaunchScreen.storyboard */ = {
			isa = PBXVariantGroup;
			children = (
				CA30EDF22149B2D200FB6E33 /* Base */,
			);
			name = LaunchScreen.storyboard;
			sourceTree = "<group>";
		};
/* End PBXVariantGroup section */

/* Begin XCBuildConfiguration section */
		CA30EE0B2149B2D300FB6E33 /* Debug */ = {
			isa = XCBuildConfiguration;
			buildSettings = {
				ALWAYS_SEARCH_USER_PATHS = NO;
				CLANG_ANALYZER_NONNULL = YES;
				CLANG_ANALYZER_NUMBER_OBJECT_CONVERSION = YES_AGGRESSIVE;
				CLANG_CXX_LANGUAGE_STANDARD = "gnu++14";
				CLANG_CXX_LIBRARY = "libc++";
				CLANG_ENABLE_MODULES = YES;
				CLANG_ENABLE_OBJC_ARC = YES;
				CLANG_ENABLE_OBJC_WEAK = YES;
				CLANG_WARN_BLOCK_CAPTURE_AUTORELEASING = YES;
				CLANG_WARN_BOOL_CONVERSION = YES;
				CLANG_WARN_COMMA = YES;
				CLANG_WARN_CONSTANT_CONVERSION = YES;
				CLANG_WARN_DEPRECATED_OBJC_IMPLEMENTATIONS = YES;
				CLANG_WARN_DIRECT_OBJC_ISA_USAGE = YES_ERROR;
				CLANG_WARN_DOCUMENTATION_COMMENTS = YES;
				CLANG_WARN_EMPTY_BODY = YES;
				CLANG_WARN_ENUM_CONVERSION = YES;
				CLANG_WARN_INFINITE_RECURSION = YES;
				CLANG_WARN_INT_CONVERSION = YES;
				CLANG_WARN_NON_LITERAL_NULL_CONVERSION = YES;
				CLANG_WARN_OBJC_IMPLICIT_RETAIN_SELF = YES;
				CLANG_WARN_OBJC_LITERAL_CONVERSION = YES;
				CLANG_WARN_OBJC_ROOT_CLASS = YES_ERROR;
				CLANG_WARN_RANGE_LOOP_ANALYSIS = YES;
				CLANG_WARN_STRICT_PROTOTYPES = YES;
				CLANG_WARN_SUSPICIOUS_MOVE = YES;
				CLANG_WARN_UNGUARDED_AVAILABILITY = YES_AGGRESSIVE;
				CLANG_WARN_UNREACHABLE_CODE = YES;
				CLANG_WARN__DUPLICATE_METHOD_MATCH = YES;
				CODE_SIGN_IDENTITY = "iPhone Developer";
				COPY_PHASE_STRIP = NO;
				DEBUG_INFORMATION_FORMAT = dwarf;
				ENABLE_STRICT_OBJC_MSGSEND = YES;
				ENABLE_TESTABILITY = YES;
				GCC_C_LANGUAGE_STANDARD = gnu11;
				GCC_DYNAMIC_NO_PIC = NO;
				GCC_NO_COMMON_BLOCKS = YES;
				GCC_OPTIMIZATION_LEVEL = 0;
				GCC_PREPROCESSOR_DEFINITIONS = (
					"DEBUG=1",
					"$(inherited)",
				);
				GCC_WARN_64_TO_32_BIT_CONVERSION = YES;
				GCC_WARN_ABOUT_RETURN_TYPE = YES_ERROR;
				GCC_WARN_UNDECLARED_SELECTOR = YES;
				GCC_WARN_UNINITIALIZED_AUTOS = YES_AGGRESSIVE;
				GCC_WARN_UNUSED_FUNCTION = YES;
				GCC_WARN_UNUSED_VARIABLE = YES;
				IPHONEOS_DEPLOYMENT_TARGET = 11.4;
				MTL_ENABLE_DEBUG_INFO = YES;
				ONLY_ACTIVE_ARCH = YES;
				SDKROOT = iphoneos;
				SWIFT_ACTIVE_COMPILATION_CONDITIONS = DEBUG;
				SWIFT_OPTIMIZATION_LEVEL = "-Onone";
			};
			name = Debug;
		};
		CA30EE0C2149B2D300FB6E33 /* Release */ = {
			isa = XCBuildConfiguration;
			buildSettings = {
				ALWAYS_SEARCH_USER_PATHS = NO;
				CLANG_ANALYZER_NONNULL = YES;
				CLANG_ANALYZER_NUMBER_OBJECT_CONVERSION = YES_AGGRESSIVE;
				CLANG_CXX_LANGUAGE_STANDARD = "gnu++14";
				CLANG_CXX_LIBRARY = "libc++";
				CLANG_ENABLE_MODULES = YES;
				CLANG_ENABLE_OBJC_ARC = YES;
				CLANG_ENABLE_OBJC_WEAK = YES;
				CLANG_WARN_BLOCK_CAPTURE_AUTORELEASING = YES;
				CLANG_WARN_BOOL_CONVERSION = YES;
				CLANG_WARN_COMMA = YES;
				CLANG_WARN_CONSTANT_CONVERSION = YES;
				CLANG_WARN_DEPRECATED_OBJC_IMPLEMENTATIONS = YES;
				CLANG_WARN_DIRECT_OBJC_ISA_USAGE = YES_ERROR;
				CLANG_WARN_DOCUMENTATION_COMMENTS = YES;
				CLANG_WARN_EMPTY_BODY = YES;
				CLANG_WARN_ENUM_CONVERSION = YES;
				CLANG_WARN_INFINITE_RECURSION = YES;
				CLANG_WARN_INT_CONVERSION = YES;
				CLANG_WARN_NON_LITERAL_NULL_CONVERSION = YES;
				CLANG_WARN_OBJC_IMPLICIT_RETAIN_SELF = YES;
				CLANG_WARN_OBJC_LITERAL_CONVERSION = YES;
				CLANG_WARN_OBJC_ROOT_CLASS = YES_ERROR;
				CLANG_WARN_RANGE_LOOP_ANALYSIS = YES;
				CLANG_WARN_STRICT_PROTOTYPES = YES;
				CLANG_WARN_SUSPICIOUS_MOVE = YES;
				CLANG_WARN_UNGUARDED_AVAILABILITY = YES_AGGRESSIVE;
				CLANG_WARN_UNREACHABLE_CODE = YES;
				CLANG_WARN__DUPLICATE_METHOD_MATCH = YES;
				CODE_SIGN_IDENTITY = "iPhone Developer";
				COPY_PHASE_STRIP = NO;
				DEBUG_INFORMATION_FORMAT = "dwarf-with-dsym";
				ENABLE_NS_ASSERTIONS = NO;
				ENABLE_STRICT_OBJC_MSGSEND = YES;
				GCC_C_LANGUAGE_STANDARD = gnu11;
				GCC_NO_COMMON_BLOCKS = YES;
				GCC_WARN_64_TO_32_BIT_CONVERSION = YES;
				GCC_WARN_ABOUT_RETURN_TYPE = YES_ERROR;
				GCC_WARN_UNDECLARED_SELECTOR = YES;
				GCC_WARN_UNINITIALIZED_AUTOS = YES_AGGRESSIVE;
				GCC_WARN_UNUSED_FUNCTION = YES;
				GCC_WARN_UNUSED_VARIABLE = YES;
				IPHONEOS_DEPLOYMENT_TARGET = 11.4;
				MTL_ENABLE_DEBUG_INFO = NO;
				SDKROOT = iphoneos;
				SWIFT_COMPILATION_MODE = wholemodule;
				SWIFT_OPTIMIZATION_LEVEL = "-O";
				VALIDATE_PRODUCT = YES;
			};
			name = Release;
		};
		CA30EE0E2149B2D300FB6E33 /* Debug */ = {
			isa = XCBuildConfiguration;
			buildSettings = {
				ASSETCATALOG_COMPILER_APPICON_NAME = AppIcon;
				CODE_SIGN_STYLE = Automatic;
				INFOPLIST_FILE = HelloWorld/Info.plist;
				LD_RUNPATH_SEARCH_PATHS = (
					"$(inherited)",
					"@executable_path/Frameworks",
				);
				PRODUCT_BUNDLE_IDENTIFIER = com.Sam.HelloWorld;
				PRODUCT_NAME = "$(TARGET_NAME)";
				SWIFT_VERSION = 4.0;
				TARGETED_DEVICE_FAMILY = "1,2";
			};
			name = Debug;
		};
		CA30EE0F2149B2D300FB6E33 /* Release */ = {
			isa = XCBuildConfiguration;
			buildSettings = {
				ASSETCATALOG_COMPILER_APPICON_NAME = AppIcon;
				CODE_SIGN_STYLE = Automatic;
				INFOPLIST_FILE = HelloWorld/Info.plist;
				LD_RUNPATH_SEARCH_PATHS = (
					"$(inherited)",
					"@executable_path/Frameworks",
				);
				PRODUCT_BUNDLE_IDENTIFIER = com.Sam.HelloWorld;
				PRODUCT_NAME = "$(TARGET_NAME)";
				SWIFT_VERSION = 4.0;
				TARGETED_DEVICE_FAMILY = "1,2";
			};
			name = Release;
		};
		CA30EE112149B2D300FB6E33 /* Debug */ = {
			isa = XCBuildConfiguration;
			buildSettings = {
				ALWAYS_EMBED_SWIFT_STANDARD_LIBRARIES = YES;
				BUNDLE_LOADER = "$(TEST_HOST)";
				CODE_SIGN_STYLE = Automatic;
				INFOPLIST_FILE = HelloWorldTests/Info.plist;
				LD_RUNPATH_SEARCH_PATHS = (
					"$(inherited)",
					"@executable_path/Frameworks",
					"@loader_path/Frameworks",
				);
				PRODUCT_BUNDLE_IDENTIFIER = com.Sam.HelloWorldTests;
				PRODUCT_NAME = "$(TARGET_NAME)";
				SWIFT_VERSION = 4.0;
				TARGETED_DEVICE_FAMILY = "1,2";
				TEST_HOST = "$(BUILT_PRODUCTS_DIR)/HelloWorld.app/HelloWorld";
			};
			name = Debug;
		};
		CA30EE122149B2D300FB6E33 /* Release */ = {
			isa = XCBuildConfiguration;
			buildSettings = {
				ALWAYS_EMBED_SWIFT_STANDARD_LIBRARIES = YES;
				BUNDLE_LOADER = "$(TEST_HOST)";
				CODE_SIGN_STYLE = Automatic;
				INFOPLIST_FILE = HelloWorldTests/Info.plist;
				LD_RUNPATH_SEARCH_PATHS = (
					"$(inherited)",
					"@executable_path/Frameworks",
					"@loader_path/Frameworks",
				);
				PRODUCT_BUNDLE_IDENTIFIER = com.Sam.HelloWorldTests;
				PRODUCT_NAME = "$(TARGET_NAME)";
				SWIFT_VERSION = 4.0;
				TARGETED_DEVICE_FAMILY = "1,2";
				TEST_HOST = "$(BUILT_PRODUCTS_DIR)/HelloWorld.app/HelloWorld";
			};
			name = Release;
		};
		CA30EE142149B2D300FB6E33 /* Debug */ = {
			isa = XCBuildConfiguration;
			buildSettings = {
				ALWAYS_EMBED_SWIFT_STANDARD_LIBRARIES = YES;
				CODE_SIGN_STYLE = Automatic;
				INFOPLIST_FILE = HelloWorldUITests/Info.plist;
				LD_RUNPATH_SEARCH_PATHS = (
					"$(inherited)",
					"@executable_path/Frameworks",
					"@loader_path/Frameworks",
				);
				PRODUCT_BUNDLE_IDENTIFIER = com.Sam.HelloWorldUITests;
				PRODUCT_NAME = "$(TARGET_NAME)";
				SWIFT_VERSION = 4.0;
				TARGETED_DEVICE_FAMILY = "1,2";
				TEST_TARGET_NAME = HelloWorld;
			};
			name = Debug;
		};
		CA30EE152149B2D300FB6E33 /* Release */ = {
			isa = XCBuildConfiguration;
			buildSettings = {
				ALWAYS_EMBED_SWIFT_STANDARD_LIBRARIES = YES;
				CODE_SIGN_STYLE = Automatic;
				INFOPLIST_FILE = HelloWorldUITests/Info.plist;
				LD_RUNPATH_SEARCH_PATHS = (
					"$(inherited)",
					"@executable_path/Frameworks",
					"@loader_path/Frameworks",
				);
				PRODUCT_BUNDLE_IDENTIFIER = com.Sam.HelloWorldUITests;
				PRODUCT_NAME = "$(TARGET_NAME)";
				SWIFT_VERSION = 4.0;
				TARGETED_DEVICE_FAMILY = "1,2";
				TEST_TARGET_NAME = HelloWorld;
			};
			name = Release;
		};
/* End XCBuildConfiguration section */

/* Begin XCConfigurationList section */
		CA30EDE02149B2CC00FB6E33 /* Build configuration list for PBXProject "HelloWorld" */ = {
			isa = XCConfigurationList;
			buildConfigurations = (
				CA30EE0B2149B2D300FB6E33 /* Debug */,
				CA30EE0C2149B2D300FB6E33 /* Release */,
			);
			defaultConfigurationIsVisible = 0;
			defaultConfigurationName = Release;
		};
		CA30EE0D2149B2D300FB6E33 /* Build configuration list for PBXNativeTarget "HelloWorld" */ = {
			isa = XCConfigurationList;
			buildConfigurations = (
				CA30EE0E2149B2D300FB6E33 /* Debug */,
				CA30EE0F2149B2D300FB6E33 /* Release */,
			);
			defaultConfigurationIsVisible = 0;
			defaultConfigurationName = Release;
		};
		CA30EE102149B2D300FB6E33 /* Build configuration list for PBXNativeTarget "HelloWorldTests" */ = {
			isa = XCConfigurationList;
			buildConfigurations = (
				CA30EE112149B2D300FB6E33 /* Debug */,
				CA30EE122149B2D300FB6E33 /* Release */,
			);
			defaultConfigurationIsVisible = 0;
			defaultConfigurationName = Release;
		};
		CA30EE132149B2D300FB6E33 /* Build configuration list for PBXNativeTarget "HelloWorldUITests" */ = {
			isa = XCConfigurationList;
			buildConfigurations = (
				CA30EE142149B2D300FB6E33 /* Debug */,
				CA30EE152149B2D300FB6E33 /* Release */,
			);
			defaultConfigurationIsVisible = 0;
			defaultConfigurationName = Release;
		};
/* End XCConfigurationList section */
	};
	rootObject = CA30EDDD2149B2CC00FB6E33 /* Project object */;
}
